{
  "version": 4,
  "terraform_version": "1.14.8",
  "serial": 546,
  "lineage": "d23a69ca-aa90-cd46-56d1-f52560a4701c",
  "outputs": {},
  "resources": [
    {
      "mode": "data",
      "type": "aws_ami",
      "name": "amazon_linux_2023",
      "provider": "provider[\"registry.terraform.io/hashicorp/aws\"]",
      "instances": [
        {
          "schema_version": 0,
          "attributes": {
            "allow_unsafe_filter": null,
            "architecture": "x86_64",
            "arn": "arn:aws:ec2:ap-southeast-1::image/ami-02289b3fe036fe5cd",
            "block_device_mappings": [
              {
                "device_name": "/dev/xvda",
                "ebs": {
                  "delete_on_termination": "true",
                  "encrypted": "false",
                  "iops": "3000",
                  "snapshot_id": "snap-0eeda4a30dd3b8200",
                  "throughput": "125",
                  "volume_initialization_rate": "0",
                  "volume_size": "8",
                  "volume_type": "gp3"
                },
                "no_device": "",
                "virtual_name": ""
              }
            ],
            "boot_mode": "uefi-preferred",
            "creation_date": "2026-04-06T16:38:27.000Z",
            "deprecation_time": "2026-07-05T16:44:00.000Z",
            "description": "Amazon Linux 2023 AMI 2023.11.20260406.2 x86_64 HVM kernel-6.1",
            "ena_support": true,
            "executable_users": null,
            "filter": [
              {
                "name": "name",
                "values": [
                  "al2023-ami-2023*-x86_64"
                ]
              },
              {
                "name": "virtualization-type",
                "values": [
                  "hvm"
                ]
              }
            ],
            "hypervisor": "xen",
            "id": "ami-02289b3fe036fe5cd",
            "image_id": "ami-02289b3fe036fe5cd",
            "image_location": "amazon/al2023-ami-2023.11.20260406.2-kernel-6.1-x86_64",
            "image_owner_alias": "amazon",
            "image_type": "machine",
            "imds_support": "v2.0",
            "include_deprecated": false,
            "kernel_id": "",
            "last_launched_time": "",
            "most_recent": true,
            "name": "al2023-ami-2023.11.20260406.2-kernel-6.1-x86_64",
            "name_regex": null,
            "owner_id": "137112412989",
            "owners": [
              "amazon"
            ],
            "platform": "",
            "platform_details": "Linux/UNIX",
            "product_codes": [],
            "public": true,
            "ramdisk_id": "",
            "region": "ap-southeast-1",
            "root_device_name": "/dev/xvda",
            "root_device_type": "ebs",
            "root_snapshot_id": "snap-0eeda4a30dd3b8200",
            "sriov_net_support": "simple",
            "state": "available",
            "state_reason": {
              "code": "UNSET",
              "message": "UNSET"
            },
            "tags": {},
            "timeouts": null,
            "tpm_support": "",
            "uefi_data": null,
            "usage_operation": "RunInstances",
            "virtualization_type": "hvm"
          },
          "sensitive_attributes": [],
          "identity_schema_version": 0
        }
      ]
    },
    {
      "mode": "data",
      "type": "aws_availability_zones",
      "name": "available",
      "provider": "provider[\"registry.terraform.io/hashicorp/aws\"]",
      "instances": [
        {
          "schema_version": 0,
          "attributes": {
            "all_availability_zones": null,
            "exclude_names": null,
            "exclude_zone_ids": null,
            "filter": null,
            "group_names": [
              "ap-southeast-1-zg-1"
            ],
            "id": "ap-southeast-1",
            "names": [
              "ap-southeast-1a",
              "ap-southeast-1b",
              "ap-southeast-1c"
            ],
            "region": "ap-southeast-1",
            "state": "available",
            "timeouts": null,
            "zone_ids": [
              "apse1-az2",
              "apse1-az1",
              "apse1-az3"
            ]
          },
          "sensitive_attributes": [],
          "identity_schema_version": 0
        }
      ]
    },
    {
      "mode": "managed",
      "type": "aws_autoscaling_group",
      "name": "backend",
      "provider": "provider[\"registry.terraform.io/hashicorp/aws\"]",
      "instances": [
        {
          "schema_version": 1,
          "attributes": {
            "arn": "arn:aws:autoscaling:ap-southeast-1:981629166163:autoScalingGroup:8b358a91-d009-4d98-97c4-8c4c41c50aeb:autoScalingGroupName/need-a-sidekick-dev-backend-asg",
            "availability_zone_distribution": [
              {
                "capacity_distribution_strategy": "balanced-best-effort"
              }
            ],
            "availability_zones": [
              "ap-southeast-1a",
              "ap-southeast-1b"
            ],
            "capacity_rebalance": false,
            "capacity_reservation_specification": [
              {
                "capacity_reservation_preference": "default",
                "capacity_reservation_target": []
              }
            ],
            "context": "",
            "default_cooldown": 300,
            "default_instance_warmup": 0,
            "desired_capacity": 1,
            "desired_capacity_type": "",
            "enabled_metrics": [],
            "force_delete": false,
            "force_delete_warm_pool": false,
            "health_check_grace_period": 300,
            "health_check_type": "ELB",
            "id": "need-a-sidekick-dev-backend-asg",
            "ignore_failed_scaling_activities": false,
            "initial_lifecycle_hook": [],
            "instance_maintenance_policy": [],
            "instance_refresh": [],
            "launch_configuration": "",
            "launch_template": [
              {
                "id": "lt-0f556a4b5600a92ef",
                "name": "need-a-sidekick-dev-backend-20260412142324007800000007",
                "version": "$Latest"
              }
            ],
            "load_balancers": [],
            "max_instance_lifetime": 0,
            "max_size": 2,
            "metrics_granularity": "1Minute",
            "min_elb_capacity": null,
            "min_size": 1,
            "mixed_instances_policy": [],
            "name": "need-a-sidekick-dev-backend-asg",
            "name_prefix": "",
            "placement_group": "",
            "predicted_capacity": 0,
            "protect_from_scale_in": false,
            "region": "ap-southeast-1",
            "service_linked_role_arn": "arn:aws:iam::981629166163:role/aws-service-role/autoscaling.amazonaws.com/AWSServiceRoleForAutoScaling",
            "suspended_processes": [],
            "tag": [
              {
                "key": "Environment",
                "propagate_at_launch": true,
                "value": "dev"
              },
              {
                "key": "Name",
                "propagate_at_launch": true,
                "value": "need-a-sidekick-dev-backend"
              },
              {
                "key": "Project",
                "propagate_at_launch": true,
                "value": "need-a-sidekick"
              }
            ],
            "target_group_arns": [
              "arn:aws:elasticloadbalancing:ap-southeast-1:981629166163:targetgroup/need-a-sidekick-dev-tg/a53ffde75e239bdf"
            ],
            "termination_policies": [],
            "timeouts": null,
            "traffic_source": [
              {
                "identifier": "arn:aws:elasticloadbalancing:ap-southeast-1:981629166163:targetgroup/need-a-sidekick-dev-tg/a53ffde75e239bdf",
                "type": "elbv2"
              }
            ],
            "vpc_zone_identifier": [
              "subnet-05e9639d6e6689c47",
              "subnet-0c17e2ed08713af9d"
            ],
            "wait_for_capacity_timeout": "10m",
            "wait_for_elb_capacity": null,
            "warm_pool": [],
            "warm_pool_size": 0
          },
          "sensitive_attributes": [],
          "identity_schema_version": 0,
          "private": "eyJlMmJmYjczMC1lY2FhLTExZTYtOGY4OC0zNDM2M2JjN2M0YzAiOnsiZGVsZXRlIjo2MDAwMDAwMDAwMDAsInVwZGF0ZSI6NjAwMDAwMDAwMDAwfSwic2NoZW1hX3ZlcnNpb24iOiIxIn0=",
          "dependencies": [
            "aws_dynamodb_table.activity_metrics",
            "aws_elasticache_parameter_group.redis",
            "aws_elasticache_replication_group.redis",
            "aws_elasticache_subnet_group.redis",
            "aws_iam_instance_profile.backend",
            "aws_iam_role.backend",
            "aws_kinesis_stream.analytics",
            "aws_launch_template.backend",
            "aws_lb_target_group.backend",
            "aws_s3_bucket.analytics_archive",
            "aws_security_group.backend",
            "aws_security_group.redis",
            "aws_subnet.private_app",
            "aws_subnet.private_data",
            "aws_vpc.this",
            "data.aws_ami.amazon_linux_2023",
            "data.aws_availability_zones.available"
          ],
          "create_before_destroy": true
        }
      ]
    },
    {
      "mode": "managed",
      "type": "aws_autoscaling_policy",
      "name": "cpu_target_tracking",
      "provider": "provider[\"registry.terraform.io/hashicorp/aws\"]",
      "instances": [
        {
          "schema_version": 0,
          "attributes": {
            "adjustment_type": "",
            "arn": "arn:aws:autoscaling:ap-southeast-1:981629166163:scalingPolicy:23796412-18cc-44e9-b0f2-e88ba23cdb40:autoScalingGroupName/need-a-sidekick-dev-backend-asg:policyName/need-a-sidekick-dev-cpu-target-tracking",
            "autoscaling_group_name": "need-a-sidekick-dev-backend-asg",
            "cooldown": 0,
            "enabled": true,
            "estimated_instance_warmup": 120,
            "id": "need-a-sidekick-dev-cpu-target-tracking",
            "metric_aggregation_type": "",
            "min_adjustment_magnitude": 0,
            "name": "need-a-sidekick-dev-cpu-target-tracking",
            "policy_type": "TargetTrackingScaling",
            "predictive_scaling_configuration": [],
            "region": "ap-southeast-1",
            "scaling_adjustment": 0,
            "step_adjustment": [],
            "target_tracking_configuration": [
              {
                "customized_metric_specification": [],
                "disable_scale_in": false,
                "predefined_metric_specification": [
                  {
                    "predefined_metric_type": "ASGAverageCPUUtilization",
                    "resource_label": ""
                  }
                ],
                "target_value": 50
              }
            ]
          },
          "sensitive_attributes": [],
          "identity_schema_version": 0,
          "private": "bnVsbA==",
          "dependencies": [
            "aws_autoscaling_group.backend",
            "aws_dynamodb_table.activity_metrics",
            "aws_elasticache_parameter_group.redis",
            "aws_elasticache_replication_group.redis",
            "aws_elasticache_subnet_group.redis",
            "aws_iam_instance_profile.backend",
            "aws_iam_role.backend",
            "aws_kinesis_stream.analytics",
            "aws_launch_template.backend",
            "aws_lb_target_group.backend",
            "aws_s3_bucket.analytics_archive",
            "aws_security_group.backend",
            "aws_security_group.redis",
            "aws_subnet.private_app",
            "aws_subnet.private_data",
            "aws_vpc.this",
            "data.aws_ami.amazon_linux_2023",
            "data.aws_availability_zones.available"
          ]
        }
      ]
    },
    {
      "mode": "managed",
      "type": "aws_dynamodb_table",
      "name": "activity_metrics",
      "provider": "provider[\"registry.terraform.io/hashicorp/aws\"]",
      "instances": [
        {
          "schema_version": 1,
          "attributes": {
            "arn": "arn:aws:dynamodb:ap-southeast-1:981629166163:table/need-a-sidekick-dev-activity-metrics",
            "attribute": [
              {
                "name": "pk",
                "type": "S"
              },
              {
                "name": "sk",
                "type": "S"
              }
            ],
            "billing_mode": "PAY_PER_REQUEST",
            "deletion_protection_enabled": false,
            "global_secondary_index": [],
            "global_table_witness": [],
            "hash_key": "pk",
            "id": "need-a-sidekick-dev-activity-metrics",
            "import_table": [],
            "local_secondary_index": [],
            "name": "need-a-sidekick-dev-activity-metrics",
            "on_demand_throughput": [],
            "point_in_time_recovery": [
              {
                "enabled": false,
                "recovery_period_in_days": 0
              }
            ],
            "range_key": "sk",
            "read_capacity": 0,
            "region": "ap-southeast-1",
            "replica": [],
            "restore_backup_arn": null,
            "restore_date_time": null,
            "restore_source_name": null,
            "restore_source_table_arn": null,
            "restore_to_latest_time": null,
            "server_side_encryption": [],
            "stream_arn": "",
            "stream_enabled": false,
            "stream_label": "",
            "stream_view_type": "",
            "table_class": "STANDARD",
            "tags": {
              "Environment": "dev",
              "ManagedBy": "Terraform",
              "Name": "need-a-sidekick-dev-activity-metrics",
              "Project": "need-a-sidekick"
            },
            "tags_all": {
              "Environment": "dev",
              "ManagedBy": "Terraform",
              "Name": "need-a-sidekick-dev-activity-metrics",
              "Project": "need-a-sidekick"
            },
            "timeouts": null,
            "ttl": [
              {
                "attribute_name": "",
                "enabled": false
              }
            ],
            "warm_throughput": [],
            "write_capacity": 0
          },
          "sensitive_attributes": [],
          "identity_schema_version": 0,
          "private": "eyJlMmJmYjczMC1lY2FhLTExZTYtOGY4OC0zNDM2M2JjN2M0YzAiOnsiY3JlYXRlIjoxODAwMDAwMDAwMDAwLCJkZWxldGUiOjYwMDAwMDAwMDAwMCwidXBkYXRlIjozNjAwMDAwMDAwMDAwfSwic2NoZW1hX3ZlcnNpb24iOiIxIn0=",
          "create_before_destroy": true
        }
      ]
    },
    {
      "mode": "managed",
      "type": "aws_elasticache_parameter_group",
      "name": "redis",
      "provider": "provider[\"registry.terraform.io/hashicorp/aws\"]",
      "instances": [
        {
          "schema_version": 0,
          "attributes": {
            "arn": "arn:aws:elasticache:ap-southeast-1:981629166163:parametergroup:need-a-sidekick-dev-redis-pg",
            "description": "Managed by Terraform",
            "family": "redis7",
            "id": "need-a-sidekick-dev-redis-pg",
            "name": "need-a-sidekick-dev-redis-pg",
            "parameter": [
              {
                "name": "notify-keyspace-events",
                "value": "Ex"
              }
            ],
            "region": "ap-southeast-1",
            "tags": {
              "Environment": "dev",
              "ManagedBy": "Terraform",
              "Name": "need-a-sidekick-dev-redis-pg",
              "Project": "need-a-sidekick"
            },
            "tags_all": {
              "Environment": "dev",
              "ManagedBy": "Terraform",
              "Name": "need-a-sidekick-dev-redis-pg",
              "Project": "need-a-sidekick"
            }
          },
          "sensitive_attributes": [],
          "identity_schema_version": 0,
          "private": "bnVsbA==",
          "create_before_destroy": true
        }
      ]
    },
    {
      "mode": "managed",
      "type": "aws_elasticache_replication_group",
      "name": "redis",
      "provider": "provider[\"registry.terraform.io/hashicorp/aws\"]",
      "instances": [
        {
          "schema_version": 3,
          "attributes": {
            "apply_immediately": true,
            "arn": "arn:aws:elasticache:ap-southeast-1:981629166163:replicationgroup:need-a-sidekick-dev",
            "at_rest_encryption_enabled": "true",
            "auth_token": "",
            "auth_token_update_strategy": null,
            "auto_minor_version_upgrade": "true",
            "automatic_failover_enabled": true,
            "cluster_enabled": false,
            "cluster_mode": "disabled",
            "configuration_endpoint_address": null,
            "data_tiering_enabled": false,
            "description": "Redis for need-a-sidekick-dev",
            "engine": "redis",
            "engine_version": "7.1",
            "engine_version_actual": "7.1.0",
            "final_snapshot_identifier": null,
            "global_replication_group_id": null,
            "id": "need-a-sidekick-dev",
            "ip_discovery": "ipv4",
            "kms_key_id": "",
            "log_delivery_configuration": [],
            "maintenance_window": "tue:16:30-tue:17:30",
            "member_clusters": [
              "need-a-sidekick-dev-001",
              "need-a-sidekick-dev-002"
            ],
            "multi_az_enabled": true,
            "network_type": "ipv4",
            "node_group_configuration": [
              {
                "node_group_id": "0001",
                "primary_availability_zone": "ap-southeast-1b",
                "primary_outpost_arn": "",
                "replica_availability_zones": [
                  "ap-southeast-1a"
                ],
                "replica_count": 1,
                "replica_outpost_arns": [],
                "slots": ""
              }
            ],
            "node_type": "cache.t4g.micro",
            "notification_topic_arn": null,
            "num_cache_clusters": 2,
            "num_node_groups": 1,
            "parameter_group_name": "need-a-sidekick-dev-redis-pg",
            "port": 6379,
            "preferred_cache_cluster_azs": null,
            "primary_endpoint_address": "need-a-sidekick-dev.3ukdab.ng.0001.apse1.cache.amazonaws.com",
            "reader_endpoint_address": "need-a-sidekick-dev-ro.3ukdab.ng.0001.apse1.cache.amazonaws.com",
            "region": "ap-southeast-1",
            "replicas_per_node_group": 1,
            "replication_group_id": "need-a-sidekick-dev",
            "security_group_ids": [
              "sg-0b8f73e62dfeabdb3"
            ],
            "security_group_names": [],
            "snapshot_arns": null,
            "snapshot_name": null,
            "snapshot_retention_limit": 1,
            "snapshot_window": "14:30-15:30",
            "subnet_group_name": "need-a-sidekick-dev-redis-subnets",
            "tags": {
              "Environment": "dev",
              "ManagedBy": "Terraform",
              "Name": "need-a-sidekick-dev-redis",
              "Project": "need-a-sidekick"
            },
            "tags_all": {
              "Environment": "dev",
              "ManagedBy": "Terraform",
              "Name": "need-a-sidekick-dev-redis",
              "Project": "need-a-sidekick"
            },
            "timeouts": null,
            "transit_encryption_enabled": false,
            "transit_encryption_mode": "",
            "user_group_ids": []
          },
          "sensitive_attributes": [
            [
              {
                "type": "get_attr",
                "value": "auth_token"
              }
            ]
          ],
          "identity_schema_version": 0,
          "private": "eyJlMmJmYjczMC1lY2FhLTExZTYtOGY4OC0zNDM2M2JjN2M0YzAiOnsiY3JlYXRlIjozNjAwMDAwMDAwMDAwLCJkZWxldGUiOjI3MDAwMDAwMDAwMDAsInVwZGF0ZSI6MjQwMDAwMDAwMDAwMH0sInNjaGVtYV92ZXJzaW9uIjoiMyJ9",
          "dependencies": [
            "aws_elasticache_parameter_group.redis",
            "aws_elasticache_subnet_group.redis",
            "aws_security_group.redis",
            "aws_subnet.private_data",
            "aws_vpc.this",
            "data.aws_availability_zones.available"
          ],
          "create_before_destroy": true
        }
      ]
    },
    {
      "mode": "managed",
      "type": "aws_elasticache_subnet_group",
      "name": "redis",
      "provider": "provider[\"registry.terraform.io/hashicorp/aws\"]",
      "instances": [
        {
          "schema_version": 0,
          "attributes": {
            "arn": "arn:aws:elasticache:ap-southeast-1:981629166163:subnetgroup:need-a-sidekick-dev-redis-subnets",
            "description": "Managed by Terraform",
            "id": "need-a-sidekick-dev-redis-subnets",
            "name": "need-a-sidekick-dev-redis-subnets",
            "region": "ap-southeast-1",
            "subnet_ids": [
              "subnet-034350bab8f59aa46",
              "subnet-05382ecafd4678526"
            ],
            "tags": {
              "Environment": "dev",
              "ManagedBy": "Terraform",
              "Name": "need-a-sidekick-dev-redis-subnet-group",
              "Project": "need-a-sidekick"
            },
            "tags_all": {
              "Environment": "dev",
              "ManagedBy": "Terraform",
              "Name": "need-a-sidekick-dev-redis-subnet-group",
              "Project": "need-a-sidekick"
            },
            "vpc_id": "vpc-0acae000c394dc209"
          },
          "sensitive_attributes": [],
          "identity_schema_version": 0,
          "private": "bnVsbA==",
          "dependencies": [
            "aws_subnet.private_data",
            "aws_vpc.this",
            "data.aws_availability_zones.available"
          ],
          "create_before_destroy": true
        }
      ]
    },
    {
      "mode": "managed",
      "type": "aws_iam_instance_profile",
      "name": "backend",
      "provider": "provider[\"registry.terraform.io/hashicorp/aws\"]",
      "instances": [
        {
          "schema_version": 0,
          "attributes": {
            "arn": "arn:aws:iam::981629166163:instance-profile/need-a-sidekick-dev-backend-profile",
            "create_date": "2026-04-12T14:15:46Z",
            "id": "need-a-sidekick-dev-backend-profile",
            "name": "need-a-sidekick-dev-backend-profile",
            "name_prefix": "",
            "path": "/",
            "role": "need-a-sidekick-dev-backend-role",
            "tags": {},
            "tags_all": {},
            "unique_id": "AIPA6JDNIMJJ5FAQXEN42"
          },
          "sensitive_attributes": [],
          "identity_schema_version": 0,
          "private": "bnVsbA==",
          "dependencies": [
            "aws_iam_role.backend"
          ],
          "create_before_destroy": true
        }
      ]
    },
    {
      "mode": "managed",
      "type": "aws_iam_role",
      "name": "backend",
      "provider": "provider[\"registry.terraform.io/hashicorp/aws\"]",
      "instances": [
        {
          "schema_version": 0,
          "attributes": {
            "arn": "arn:aws:iam::981629166163:role/need-a-sidekick-dev-backend-role",
            "assume_role_policy": "{\"Statement\":[{\"Action\":\"sts:AssumeRole\",\"Effect\":\"Allow\",\"Principal\":{\"Service\":\"ec2.amazonaws.com\"}}],\"Version\":\"2012-10-17\"}",
            "create_date": "2026-04-12T14:15:43Z",
            "description": "",
            "force_detach_policies": false,
            "id": "need-a-sidekick-dev-backend-role",
            "inline_policy": [
              {
                "name": "need-a-sidekick-dev-backend-app-access",
                "policy": "{\"Version\":\"2012-10-17\",\"Statement\":[{\"Action\":[\"kinesis:DescribeStream\",\"kinesis:DescribeStreamSummary\",\"kinesis:PutRecord\",\"kinesis:PutRecords\"],\"Effect\":\"Allow\",\"Resource\":\"arn:aws:kinesis:ap-southeast-1:981629166163:stream/need-a-sidekick-dev-analytics\",\"Sid\":\"KinesisWrite\"},{\"Action\":[\"dynamodb:DescribeTable\",\"dynamodb:GetItem\",\"dynamodb:Query\",\"dynamodb:Scan\"],\"Effect\":\"Allow\",\"Resource\":\"arn:aws:dynamodb:ap-southeast-1:981629166163:table/need-a-sidekick-dev-activity-metrics\",\"Sid\":\"DynamoReadAnalytics\"},{\"Action\":[\"s3:AbortMultipartUpload\",\"s3:GetBucketLocation\",\"s3:GetObject\",\"s3:ListBucket\",\"s3:PutObject\"],\"Effect\":\"Allow\",\"Resource\":[\"arn:aws:s3:::need-a-sidekick-dev-analytics-20260407132911491800000001\",\"arn:aws:s3:::need-a-sidekick-dev-analytics-20260407132911491800000001/*\"],\"Sid\":\"S3ArchiveReadWrite\"}]}"
              }
            ],
            "managed_policy_arns": [
              "arn:aws:iam::aws:policy/AmazonSSMManagedInstanceCore",
              "arn:aws:iam::aws:policy/CloudWatchAgentServerPolicy"
            ],
            "max_session_duration": 3600,
            "name": "need-a-sidekick-dev-backend-role",
            "name_prefix": "",
            "path": "/",
            "permissions_boundary": "",
            "tags": {
              "Environment": "dev",
              "ManagedBy": "Terraform",
              "Name": "need-a-sidekick-dev-backend-role",
              "Project": "need-a-sidekick"
            },
            "tags_all": {
              "Environment": "dev",
              "ManagedBy": "Terraform",
              "Name": "need-a-sidekick-dev-backend-role",
              "Project": "need-a-sidekick"
            },
            "unique_id": "AROA6JDNIMJJUE5PSG5Y6"
          },
          "sensitive_attributes": [],
          "identity_schema_version": 0,
          "identity": {
            "account_id": "981629166163",
            "name": "need-a-sidekick-dev-backend-role"
          },
          "private": "bnVsbA==",
          "create_before_destroy": true
        }
      ]
    },
    {
      "mode": "managed",
      "type": "aws_kinesis_stream",
      "name": "analytics",
      "provider": "provider[\"registry.terraform.io/hashicorp/aws\"]",
      "instances": [
        {
          "schema_version": 1,
          "attributes": {
            "arn": "arn:aws:kinesis:ap-southeast-1:981629166163:stream/need-a-sidekick-dev-analytics",
            "encryption_type": "NONE",
            "enforce_consumer_deletion": false,
            "id": "arn:aws:kinesis:ap-southeast-1:981629166163:stream/need-a-sidekick-dev-analytics",
            "kms_key_id": "",
            "max_record_size_in_kib": 1024,
            "name": "need-a-sidekick-dev-analytics",
            "region": "ap-southeast-1",
            "retention_period": 24,
            "shard_count": 1,
            "shard_level_metrics": [],
            "stream_mode_details": [
              {
                "stream_mode": "PROVISIONED"
              }
            ],
            "tags": {
              "Environment": "dev",
              "ManagedBy": "Terraform",
              "Name": "need-a-sidekick-dev-analytics",
              "Project": "need-a-sidekick"
            },
            "tags_all": {
              "Environment": "dev",
              "ManagedBy": "Terraform",
              "Name": "need-a-sidekick-dev-analytics",
              "Project": "need-a-sidekick"
            },
            "timeouts": null
          },
          "sensitive_attributes": [],
          "identity_schema_version": 0,
          "private": "eyJlMmJmYjczMC1lY2FhLTExZTYtOGY4OC0zNDM2M2JjN2M0YzAiOnsiY3JlYXRlIjozMDAwMDAwMDAwMDAsImRlbGV0ZSI6NzIwMDAwMDAwMDAwMCwidXBkYXRlIjo3MjAwMDAwMDAwMDAwfSwic2NoZW1hX3ZlcnNpb24iOiIxIn0=",
          "create_before_destroy": true
        }
      ]
    },
    {
      "mode": "managed",
      "type": "aws_launch_template",
      "name": "backend",
      "provider": "provider[\"registry.terraform.io/hashicorp/aws\"]",
      "instances": [
        {
          "schema_version": 1,
          "attributes": {
            "arn": "arn:aws:ec2:ap-southeast-1:981629166163:launch-template/lt-0f556a4b5600a92ef",
            "block_device_mappings": [],
            "capacity_reservation_specification": [],
            "cpu_options": [],
            "credit_specification": [],
            "default_version": 1,
            "description": "",
            "disable_api_stop": false,
            "disable_api_termination": false,
            "ebs_optimized": "",
            "enclave_options": [],
            "hibernation_options": [],
            "iam_instance_profile": [
              {
                "arn": "",
                "name": "need-a-sidekick-dev-backend-profile"
              }
            ],
            "id": "lt-0f556a4b5600a92ef",
            "image_id": "ami-02289b3fe036fe5cd",
            "instance_initiated_shutdown_behavior": "",
            "instance_market_options": [],
            "instance_requirements": [],
            "instance_type": "t3.small",
            "kernel_id": "",
            "key_name": "",
            "latest_version": 1,
            "license_specification": [],
            "maintenance_options": [],
            "metadata_options": [],
            "monitoring": [
              {
                "enabled": true
              }
            ],
            "name": "need-a-sidekick-dev-backend-20260412142324007800000007",
            "name_prefix": "need-a-sidekick-dev-backend-",
            "network_interfaces": [],
            "network_performance_options": [],
            "placement": [],
            "private_dns_name_options": [],
            "ram_disk_id": "",
            "region": "ap-southeast-1",
            "secondary_interfaces": [],
            "security_group_names": [],
            "tag_specifications": [
              {
                "resource_type": "instance",
                "tags": {
                  "Environment": "dev",
                  "ManagedBy": "Terraform",
                  "Name": "need-a-sidekick-dev-backend",
                  "Project": "need-a-sidekick",
                  "Role": "backend"
                }
              }
            ],
            "tags": {
              "Environment": "dev",
              "ManagedBy": "Terraform",
              "Name": "need-a-sidekick-dev-backend-launch-template",
              "Project": "need-a-sidekick"
            },
            "tags_all": {
              "Environment": "dev",
              "ManagedBy": "Terraform",
              "Name": "need-a-sidekick-dev-backend-launch-template",
              "Project": "need-a-sidekick"
            },
            "update_default_version": null,
            "user_data": "IyEvYmluL2Jhc2gKc2V0IC1ldXhvIHBpcGVmYWlsCgpleGVjID4gPih0ZWUgL3Zhci9sb2cvdXNlci1kYXRhLmxvZyB8IGxvZ2dlciAtdCB1c2VyLWRhdGEgLXMgMj4vZGV2L2NvbnNvbGUpIDI+JjEKCmRuZiB1cGRhdGUgLXkKZG5mIGluc3RhbGwgLXkgZ2l0IGRvY2tlcgoKc3lzdGVtY3RsIGVuYWJsZSBkb2NrZXIKc3lzdGVtY3RsIHN0YXJ0IGRvY2tlcgoKbWtkaXIgLXAgL29wdC9zaWRla2ljawpjZCAvb3B0L3NpZGVraWNrCgpybSAtcmYgcmVwbwpnaXQgY2xvbmUgLS1icmFuY2ggbWFpbiBodHRwczovL2dpdGh1Yi5jb20vUHlyb21hbmNlckJvb20vZ3JvdXAyNy1jbG91ZC1jb21wLXByb2plY3QuZ2l0IHJlcG8KCmNkIC9vcHQvc2lkZWtpY2svcmVwby9iYWNrZW5kCgpkb2NrZXIgYnVpbGQgLXQgc2lkZWtpY2stYmFja2VuZDpsYXRlc3QgLgoKZG9ja2VyIHJtIC1mIHNpZGVraWNrLWJhY2tlbmQgfHwgdHJ1ZQoKZG9ja2VyIHJ1biAtZCBcCiAgLS1uYW1lIHNpZGVraWNrLWJhY2tlbmQgXAogIC0tcmVzdGFydCB1bmxlc3Mtc3RvcHBlZCBcCiAgLXAgODAwMDo4MDAwIFwKICAtZSBSRURJU19VUkw9cmVkaXM6Ly9uZWVkLWEtc2lkZWtpY2stZGV2LjN1a2RhYi5uZy4wMDAxLmFwc2UxLmNhY2hlLmFtYXpvbmF3cy5jb206NjM3OSBcCiAgLWUgQVdTX1JFR0lPTj1hcC1zb3V0aGVhc3QtMSBcCiAgLWUgRFlOQU1PREJfVEFCTEVfTkFNRT1uZWVkLWEtc2lkZWtpY2stZGV2LWFjdGl2aXR5LW1ldHJpY3MgXAogIC1lIEtJTkVTSVNfU1RSRUFNX05BTUU9bmVlZC1hLXNpZGVraWNrLWRldi1hbmFseXRpY3MgXAogIC1lIFMzX0JVQ0tFVF9OQU1FPW5lZWQtYS1zaWRla2ljay1kZXYtYW5hbHl0aWNzLTIwMjYwNDA3MTMyOTExNDkxODAwMDAwMDAxIFwKICBzaWRla2ljay1iYWNrZW5kOmxhdGVzdAo=",
            "vpc_security_group_ids": [
              "sg-020bad9442baf79f9"
            ]
          },
          "sensitive_attributes": [],
          "identity_schema_version": 0,
          "private": "eyJzY2hlbWFfdmVyc2lvbiI6IjEifQ==",
          "dependencies": [
            "aws_dynamodb_table.activity_metrics",
            "aws_elasticache_parameter_group.redis",
            "aws_elasticache_replication_group.redis",
            "aws_elasticache_subnet_group.redis",
            "aws_iam_instance_profile.backend",
            "aws_iam_role.backend",
            "aws_kinesis_stream.analytics",
            "aws_s3_bucket.analytics_archive",
            "aws_security_group.backend",
            "aws_security_group.redis",
            "aws_subnet.private_data",
            "aws_vpc.this",
            "data.aws_ami.amazon_linux_2023",
            "data.aws_availability_zones.available"
          ],
          "create_before_destroy": true
        }
      ]
    },
    {
      "mode": "managed",
      "type": "aws_lb_target_group",
      "name": "backend",
      "provider": "provider[\"registry.terraform.io/hashicorp/aws\"]",
      "instances": [
        {
          "schema_version": 0,
          "attributes": {
            "arn": "arn:aws:elasticloadbalancing:ap-southeast-1:981629166163:targetgroup/need-a-sidekick-dev-tg/a53ffde75e239bdf",
            "arn_suffix": "targetgroup/need-a-sidekick-dev-tg/a53ffde75e239bdf",
            "connection_termination": null,
            "deregistration_delay": "300",
            "health_check": [
              {
                "enabled": true,
                "healthy_threshold": 2,
                "interval": 30,
                "matcher": "200-399",
                "path": "/health",
                "port": "traffic-port",
                "protocol": "HTTP",
                "timeout": 5,
                "unhealthy_threshold": 2
              }
            ],
            "id": "arn:aws:elasticloadbalancing:ap-southeast-1:981629166163:targetgroup/need-a-sidekick-dev-tg/a53ffde75e239bdf",
            "ip_address_type": "ipv4",
            "lambda_multi_value_headers_enabled": false,
            "load_balancer_arns": [
              "arn:aws:elasticloadbalancing:ap-southeast-1:981629166163:loadbalancer/app/need-a-sidekick-dev-alb/f06fe91bab705150"
            ],
            "load_balancing_algorithm_type": "round_robin",
            "load_balancing_anomaly_mitigation": "off",
            "load_balancing_cross_zone_enabled": "use_load_balancer_configuration",
            "name": "need-a-sidekick-dev-tg",
            "name_prefix": "",
            "port": 8000,
            "preserve_client_ip": null,
            "protocol": "HTTP",
            "protocol_version": "HTTP1",
            "proxy_protocol_v2": false,
            "region": "ap-southeast-1",
            "slow_start": 0,
            "stickiness": [
              {
                "cookie_duration": 86400,
                "cookie_name": "",
                "enabled": false,
                "type": "lb_cookie"
              }
            ],
            "tags": {
              "Environment": "dev",
              "ManagedBy": "Terraform",
              "Name": "need-a-sidekick-dev-backend-tg",
              "Project": "need-a-sidekick"
            },
            "tags_all": {
              "Environment": "dev",
              "ManagedBy": "Terraform",
              "Name": "need-a-sidekick-dev-backend-tg",
              "Project": "need-a-sidekick"
            },
            "target_control_port": 0,
            "target_failover": [
              {
                "on_deregistration": null,
                "on_unhealthy": null
              }
            ],
            "target_group_health": [
              {
                "dns_failover": [
                  {
                    "minimum_healthy_targets_count": "1",
                    "minimum_healthy_targets_percentage": "off"
                  }
                ],
                "unhealthy_state_routing": [
                  {
                    "minimum_healthy_targets_count": 1,
                    "minimum_healthy_targets_percentage": "off"
                  }
                ]
              }
            ],
            "target_health_state": [
              {
                "enable_unhealthy_connection_termination": null,
                "unhealthy_draining_interval": null
              }
            ],
            "target_type": "instance",
            "vpc_id": "vpc-0acae000c394dc209"
          },
          "sensitive_attributes": [],
          "identity_schema_version": 0,
          "identity": {
            "arn": "arn:aws:elasticloadbalancing:ap-southeast-1:981629166163:targetgroup/need-a-sidekick-dev-tg/a53ffde75e239bdf"
          },
          "private": "bnVsbA==",
          "dependencies": [
            "aws_vpc.this"
          ],
          "create_before_destroy": true
        }
      ]
    },
    {
      "mode": "managed",
      "type": "aws_s3_bucket",
      "name": "analytics_archive",
      "provider": "provider[\"registry.terraform.io/hashicorp/aws\"]",
      "instances": [
        {
          "schema_version": 0,
          "attributes": {
            "acceleration_status": "",
            "acl": null,
            "arn": "arn:aws:s3:::need-a-sidekick-dev-analytics-20260407132911491800000001",
            "bucket": "need-a-sidekick-dev-analytics-20260407132911491800000001",
            "bucket_domain_name": "need-a-sidekick-dev-analytics-20260407132911491800000001.s3.amazonaws.com",
            "bucket_namespace": "global",
            "bucket_prefix": "need-a-sidekick-dev-analytics-",
            "bucket_region": "ap-southeast-1",
            "bucket_regional_domain_name": "need-a-sidekick-dev-analytics-20260407132911491800000001.s3.ap-southeast-1.amazonaws.com",
            "cors_rule": [],
            "force_destroy": false,
            "grant": [
              {
                "id": "c1f4a8c8f319dcb1b3d0baa48c5c859205a39a4921a112f1fc6f4674130b7790",
                "permissions": [
                  "FULL_CONTROL"
                ],
                "type": "CanonicalUser",
                "uri": ""
              }
            ],
            "hosted_zone_id": "Z3O0J2DXBE1FTB",
            "id": "need-a-sidekick-dev-analytics-20260407132911491800000001",
            "lifecycle_rule": [],
            "logging": [],
            "object_lock_configuration": [],
            "object_lock_enabled": false,
            "policy": "",
            "region": "ap-southeast-1",
            "replication_configuration": [],
            "request_payer": "BucketOwner",
            "server_side_encryption_configuration": [
              {
                "rule": [
                  {
                    "apply_server_side_encryption_by_default": [
                      {
                        "kms_master_key_id": "",
                        "sse_algorithm": "AES256"
                      }
                    ],
                    "bucket_key_enabled": false
                  }
                ]
              }
            ],
            "tags": {
              "Environment": "dev",
              "ManagedBy": "Terraform",
              "Name": "need-a-sidekick-dev-analytics-archive",
              "Project": "need-a-sidekick"
            },
            "tags_all": {
              "Environment": "dev",
              "ManagedBy": "Terraform",
              "Name": "need-a-sidekick-dev-analytics-archive",
              "Project": "need-a-sidekick"
            },
            "timeouts": null,
            "versioning": [
              {
                "enabled": true,
                "mfa_delete": false
              }
            ],
            "website": [],
            "website_domain": null,
            "website_endpoint": null
          },
          "sensitive_attributes": [],
          "identity_schema_version": 0,
          "identity": {
            "account_id": "981629166163",
            "bucket": "need-a-sidekick-dev-analytics-20260407132911491800000001",
            "region": "ap-southeast-1"
          },
          "private": "eyJlMmJmYjczMC1lY2FhLTExZTYtOGY4OC0zNDM2M2JjN2M0YzAiOnsiY3JlYXRlIjoxMjAwMDAwMDAwMDAwLCJkZWxldGUiOjM2MDAwMDAwMDAwMDAsInJlYWQiOjEyMDAwMDAwMDAwMDAsInVwZGF0ZSI6MTIwMDAwMDAwMDAwMH19",
          "create_before_destroy": true
        }
      ]
    },
    {
      "mode": "managed",
      "type": "aws_security_group",
      "name": "backend",
      "provider": "provider[\"registry.terraform.io/hashicorp/aws\"]",
      "instances": [
        {
          "schema_version": 1,
          "attributes": {
            "arn": "arn:aws:ec2:ap-southeast-1:981629166163:security-group/sg-020bad9442baf79f9",
            "description": "Security group for backend EC2 instances",
            "egress": [
              {
                "cidr_blocks": [
                  "0.0.0.0/0"
                ],
                "description": "DNS TCP",
                "from_port": 53,
                "ipv6_cidr_blocks": [],
                "prefix_list_ids": [],
                "protocol": "tcp",
                "security_groups": [],
                "self": false,
                "to_port": 53
              },
              {
                "cidr_blocks": [
                  "0.0.0.0/0"
                ],
                "description": "DNS UDP",
                "from_port": 53,
                "ipv6_cidr_blocks": [],
                "prefix_list_ids": [],
                "protocol": "udp",
                "security_groups": [],
                "self": false,
                "to_port": 53
              },
              {
                "cidr_blocks": [
                  "0.0.0.0/0"
                ],
                "description": "HTTPS egress",
                "from_port": 443,
                "ipv6_cidr_blocks": [],
                "prefix_list_ids": [],
                "protocol": "tcp",
                "security_groups": [],
                "self": false,
                "to_port": 443
              },
              {
                "cidr_blocks": [],
                "description": "Redis",
                "from_port": 6379,
                "ipv6_cidr_blocks": [],
                "prefix_list_ids": [],
                "protocol": "tcp",
                "security_groups": [
                  "sg-0b8f73e62dfeabdb3"
                ],
                "self": false,
                "to_port": 6379
              }
            ],
            "id": "sg-020bad9442baf79f9",
            "ingress": [
              {
                "cidr_blocks": [],
                "description": "App traffic from ALB",
                "from_port": 8000,
                "ipv6_cidr_blocks": [],
                "prefix_list_ids": [],
                "protocol": "tcp",
                "security_groups": [
                  "sg-017d3febf857cd3a5"
                ],
                "self": false,
                "to_port": 8000
              }
            ],
            "name": "need-a-sidekick-dev-backend-sg",
            "name_prefix": "",
            "owner_id": "981629166163",
            "region": "ap-southeast-1",
            "revoke_rules_on_delete": false,
            "tags": {
              "Environment": "dev",
              "ManagedBy": "Terraform",
              "Name": "need-a-sidekick-dev-backend-sg",
              "Project": "need-a-sidekick"
            },
            "tags_all": {
              "Environment": "dev",
              "ManagedBy": "Terraform",
              "Name": "need-a-sidekick-dev-backend-sg",
              "Project": "need-a-sidekick"
            },
            "timeouts": null,
            "vpc_id": "vpc-0acae000c394dc209"
          },
          "sensitive_attributes": [],
          "identity_schema_version": 0,
          "identity": {
            "account_id": "981629166163",
            "id": "sg-020bad9442baf79f9",
            "region": "ap-southeast-1"
          },
          "private": "eyJlMmJmYjczMC1lY2FhLTExZTYtOGY4OC0zNDM2M2JjN2M0YzAiOnsiY3JlYXRlIjo2MDAwMDAwMDAwMDAsImRlbGV0ZSI6OTAwMDAwMDAwMDAwfSwic2NoZW1hX3ZlcnNpb24iOiIxIn0=",
          "dependencies": [
            "aws_vpc.this"
          ],
          "create_before_destroy": true
        }
      ]
    },
    {
      "mode": "managed",
      "type": "aws_security_group",
      "name": "redis",
      "provider": "provider[\"registry.terraform.io/hashicorp/aws\"]",
      "instances": [
        {
          "schema_version": 1,
          "attributes": {
            "arn": "arn:aws:ec2:ap-southeast-1:981629166163:security-group/sg-0b8f73e62dfeabdb3",
            "description": "Security group for ElastiCache Redis",
            "egress": [
              {
                "cidr_blocks": [
                  "0.0.0.0/0"
                ],
                "description": "All egress",
                "from_port": 0,
                "ipv6_cidr_blocks": [],
                "prefix_list_ids": [],
                "protocol": "-1",
                "security_groups": [],
                "self": false,
                "to_port": 0
              }
            ],
            "id": "sg-0b8f73e62dfeabdb3",
            "ingress": [
              {
                "cidr_blocks": [],
                "description": "Redis from backend",
                "from_port": 6379,
                "ipv6_cidr_blocks": [],
                "prefix_list_ids": [],
                "protocol": "tcp",
                "security_groups": [
                  "sg-020bad9442baf79f9"
                ],
                "self": false,
                "to_port": 6379
              }
            ],
            "name": "need-a-sidekick-dev-redis-sg",
            "name_prefix": "",
            "owner_id": "981629166163",
            "region": "ap-southeast-1",
            "revoke_rules_on_delete": false,
            "tags": {
              "Environment": "dev",
              "ManagedBy": "Terraform",
              "Name": "need-a-sidekick-dev-redis-sg",
              "Project": "need-a-sidekick"
            },
            "tags_all": {
              "Environment": "dev",
              "ManagedBy": "Terraform",
              "Name": "need-a-sidekick-dev-redis-sg",
              "Project": "need-a-sidekick"
            },
            "timeouts": null,
            "vpc_id": "vpc-0acae000c394dc209"
          },
          "sensitive_attributes": [],
          "identity_schema_version": 0,
          "identity": {
            "account_id": "981629166163",
            "id": "sg-0b8f73e62dfeabdb3",
            "region": "ap-southeast-1"
          },
          "private": "eyJlMmJmYjczMC1lY2FhLTExZTYtOGY4OC0zNDM2M2JjN2M0YzAiOnsiY3JlYXRlIjo2MDAwMDAwMDAwMDAsImRlbGV0ZSI6OTAwMDAwMDAwMDAwfSwic2NoZW1hX3ZlcnNpb24iOiIxIn0=",
          "dependencies": [
            "aws_vpc.this"
          ],
          "create_before_destroy": true
        }
      ]
    },
    {
      "mode": "managed",
      "type": "aws_subnet",
      "name": "private_app",
      "provider": "provider[\"registry.terraform.io/hashicorp/aws\"]",
      "instances": [
        {
          "index_key": "0",
          "schema_version": 1,
          "attributes": {
            "arn": "arn:aws:ec2:ap-southeast-1:981629166163:subnet/subnet-05e9639d6e6689c47",
            "assign_ipv6_address_on_creation": false,
            "availability_zone": "ap-southeast-1a",
            "availability_zone_id": "apse1-az2",
            "cidr_block": "10.0.11.0/24",
            "customer_owned_ipv4_pool": "",
            "enable_dns64": false,
            "enable_lni_at_device_index": 0,
            "enable_resource_name_dns_a_record_on_launch": false,
            "enable_resource_name_dns_aaaa_record_on_launch": false,
            "id": "subnet-05e9639d6e6689c47",
            "ipv4_ipam_pool_id": null,
            "ipv4_netmask_length": null,
            "ipv6_cidr_block": "",
            "ipv6_cidr_block_association_id": "",
            "ipv6_ipam_pool_id": null,
            "ipv6_native": false,
            "ipv6_netmask_length": null,
            "map_customer_owned_ip_on_launch": false,
            "map_public_ip_on_launch": false,
            "outpost_arn": "",
            "owner_id": "981629166163",
            "private_dns_hostname_type_on_launch": "ip-name",
            "region": "ap-southeast-1",
            "tags": {
              "Environment": "dev",
              "ManagedBy": "Terraform",
              "Name": "need-a-sidekick-dev-private-app-ap-southeast-1a",
              "Project": "need-a-sidekick",
              "Tier": "private-app"
            },
            "tags_all": {
              "Environment": "dev",
              "ManagedBy": "Terraform",
              "Name": "need-a-sidekick-dev-private-app-ap-southeast-1a",
              "Project": "need-a-sidekick",
              "Tier": "private-app"
            },
            "timeouts": null,
            "vpc_id": "vpc-0acae000c394dc209"
          },
          "sensitive_attributes": [],
          "identity_schema_version": 0,
          "identity": {
            "account_id": "981629166163",
            "id": "subnet-05e9639d6e6689c47",
            "region": "ap-southeast-1"
          },
          "private": "eyJlMmJmYjczMC1lY2FhLTExZTYtOGY4OC0zNDM2M2JjN2M0YzAiOnsiY3JlYXRlIjo2MDAwMDAwMDAwMDAsImRlbGV0ZSI6MTIwMDAwMDAwMDAwMH0sInNjaGVtYV92ZXJzaW9uIjoiMSJ9",
          "dependencies": [
            "aws_vpc.this",
            "data.aws_availability_zones.available"
          ],
          "create_before_destroy": true
        },
        {
          "index_key": "1",
          "schema_version": 1,
          "attributes": {
            "arn": "arn:aws:ec2:ap-southeast-1:981629166163:subnet/subnet-0c17e2ed08713af9d",
            "assign_ipv6_address_on_creation": false,
            "availability_zone": "ap-southeast-1b",
            "availability_zone_id": "apse1-az1",
            "cidr_block": "10.0.12.0/24",
            "customer_owned_ipv4_pool": "",
            "enable_dns64": false,
            "enable_lni_at_device_index": 0,
            "enable_resource_name_dns_a_record_on_launch": false,
            "enable_resource_name_dns_aaaa_record_on_launch": false,
            "id": "subnet-0c17e2ed08713af9d",
            "ipv4_ipam_pool_id": null,
            "ipv4_netmask_length": null,
            "ipv6_cidr_block": "",
            "ipv6_cidr_block_association_id": "",
            "ipv6_ipam_pool_id": null,
            "ipv6_native": false,
            "ipv6_netmask_length": null,
            "map_customer_owned_ip_on_launch": false,
            "map_public_ip_on_launch": false,
            "outpost_arn": "",
            "owner_id": "981629166163",
            "private_dns_hostname_type_on_launch": "ip-name",
            "region": "ap-southeast-1",
            "tags": {
              "Environment": "dev",
              "ManagedBy": "Terraform",
              "Name": "need-a-sidekick-dev-private-app-ap-southeast-1b",
              "Project": "need-a-sidekick",
              "Tier": "private-app"
            },
            "tags_all": {
              "Environment": "dev",
              "ManagedBy": "Terraform",
              "Name": "need-a-sidekick-dev-private-app-ap-southeast-1b",
              "Project": "need-a-sidekick",
              "Tier": "private-app"
            },
            "timeouts": null,
            "vpc_id": "vpc-0acae000c394dc209"
          },
          "sensitive_attributes": [],
          "identity_schema_version": 0,
          "identity": {
            "account_id": "981629166163",
            "id": "subnet-0c17e2ed08713af9d",
            "region": "ap-southeast-1"
          },
          "private": "eyJlMmJmYjczMC1lY2FhLTExZTYtOGY4OC0zNDM2M2JjN2M0YzAiOnsiY3JlYXRlIjo2MDAwMDAwMDAwMDAsImRlbGV0ZSI6MTIwMDAwMDAwMDAwMH0sInNjaGVtYV92ZXJzaW9uIjoiMSJ9",
          "dependencies": [
            "aws_vpc.this",
            "data.aws_availability_zones.available"
          ],
          "create_before_destroy": true
        }
      ]
    },
    {
      "mode": "managed",
      "type": "aws_subnet",
      "name": "private_data",
      "provider": "provider[\"registry.terraform.io/hashicorp/aws\"]",
      "instances": [
        {
          "index_key": "0",
          "schema_version": 1,
          "attributes": {
            "arn": "arn:aws:ec2:ap-southeast-1:981629166163:subnet/subnet-05382ecafd4678526",
            "assign_ipv6_address_on_creation": false,
            "availability_zone": "ap-southeast-1a",
            "availability_zone_id": "apse1-az2",
            "cidr_block": "10.0.21.0/24",
            "customer_owned_ipv4_pool": "",
            "enable_dns64": false,
            "enable_lni_at_device_index": 0,
            "enable_resource_name_dns_a_record_on_launch": false,
            "enable_resource_name_dns_aaaa_record_on_launch": false,
            "id": "subnet-05382ecafd4678526",
            "ipv4_ipam_pool_id": null,
            "ipv4_netmask_length": null,
            "ipv6_cidr_block": "",
            "ipv6_cidr_block_association_id": "",
            "ipv6_ipam_pool_id": null,
            "ipv6_native": false,
            "ipv6_netmask_length": null,
            "map_customer_owned_ip_on_launch": false,
            "map_public_ip_on_launch": false,
            "outpost_arn": "",
            "owner_id": "981629166163",
            "private_dns_hostname_type_on_launch": "ip-name",
            "region": "ap-southeast-1",
            "tags": {
              "Environment": "dev",
              "ManagedBy": "Terraform",
              "Name": "need-a-sidekick-dev-private-data-ap-southeast-1a",
              "Project": "need-a-sidekick",
              "Tier": "private-data"
            },
            "tags_all": {
              "Environment": "dev",
              "ManagedBy": "Terraform",
              "Name": "need-a-sidekick-dev-private-data-ap-southeast-1a",
              "Project": "need-a-sidekick",
              "Tier": "private-data"
            },
            "timeouts": null,
            "vpc_id": "vpc-0acae000c394dc209"
          },
          "sensitive_attributes": [],
          "identity_schema_version": 0,
          "identity": {
            "account_id": "981629166163",
            "id": "subnet-05382ecafd4678526",
            "region": "ap-southeast-1"
          },
          "private": "eyJlMmJmYjczMC1lY2FhLTExZTYtOGY4OC0zNDM2M2JjN2M0YzAiOnsiY3JlYXRlIjo2MDAwMDAwMDAwMDAsImRlbGV0ZSI6MTIwMDAwMDAwMDAwMH0sInNjaGVtYV92ZXJzaW9uIjoiMSJ9",
          "dependencies": [
            "aws_vpc.this",
            "data.aws_availability_zones.available"
          ],
          "create_before_destroy": true
        },
        {
          "index_key": "1",
          "schema_version": 1,
          "attributes": {
            "arn": "arn:aws:ec2:ap-southeast-1:981629166163:subnet/subnet-034350bab8f59aa46",
            "assign_ipv6_address_on_creation": false,
            "availability_zone": "ap-southeast-1b",
            "availability_zone_id": "apse1-az1",
            "cidr_block": "10.0.22.0/24",
            "customer_owned_ipv4_pool": "",
            "enable_dns64": false,
            "enable_lni_at_device_index": 0,
            "enable_resource_name_dns_a_record_on_launch": false,
            "enable_resource_name_dns_aaaa_record_on_launch": false,
            "id": "subnet-034350bab8f59aa46",
            "ipv4_ipam_pool_id": null,
            "ipv4_netmask_length": null,
            "ipv6_cidr_block": "",
            "ipv6_cidr_block_association_id": "",
            "ipv6_ipam_pool_id": null,
            "ipv6_native": false,
            "ipv6_netmask_length": null,
            "map_customer_owned_ip_on_launch": false,
            "map_public_ip_on_launch": false,
            "outpost_arn": "",
            "owner_id": "981629166163",
            "private_dns_hostname_type_on_launch": "ip-name",
            "region": "ap-southeast-1",
            "tags": {
              "Environment": "dev",
              "ManagedBy": "Terraform",
              "Name": "need-a-sidekick-dev-private-data-ap-southeast-1b",
              "Project": "need-a-sidekick",
              "Tier": "private-data"
            },
            "tags_all": {
              "Environment": "dev",
              "ManagedBy": "Terraform",
              "Name": "need-a-sidekick-dev-private-data-ap-southeast-1b",
              "Project": "need-a-sidekick",
              "Tier": "private-data"
            },
            "timeouts": null,
            "vpc_id": "vpc-0acae000c394dc209"
          },
          "sensitive_attributes": [],
          "identity_schema_version": 0,
          "identity": {
            "account_id": "981629166163",
            "id": "subnet-034350bab8f59aa46",
            "region": "ap-southeast-1"
          },
          "private": "eyJlMmJmYjczMC1lY2FhLTExZTYtOGY4OC0zNDM2M2JjN2M0YzAiOnsiY3JlYXRlIjo2MDAwMDAwMDAwMDAsImRlbGV0ZSI6MTIwMDAwMDAwMDAwMH0sInNjaGVtYV92ZXJzaW9uIjoiMSJ9",
          "dependencies": [
            "aws_vpc.this",
            "data.aws_availability_zones.available"
          ],
          "create_before_destroy": true
        }
      ]
    },
    {
      "mode": "managed",
      "type": "aws_vpc",
      "name": "this",
      "provider": "provider[\"registry.terraform.io/hashicorp/aws\"]",
      "instances": [
        {
          "schema_version": 1,
          "attributes": {
            "arn": "arn:aws:ec2:ap-southeast-1:981629166163:vpc/vpc-0acae000c394dc209",
            "assign_generated_ipv6_cidr_block": false,
            "cidr_block": "10.0.0.0/16",
            "default_network_acl_id": "acl-0bd98d10ca01936ee",
            "default_route_table_id": "rtb-0c89e976f3310bdd2",
            "default_security_group_id": "sg-097331909296be3c9",
            "dhcp_options_id": "dopt-0f870575b2b7f2eb3",
            "enable_dns_hostnames": true,
            "enable_dns_support": true,
            "enable_network_address_usage_metrics": false,
            "id": "vpc-0acae000c394dc209",
            "instance_tenancy": "default",
            "ipv4_ipam_pool_id": null,
            "ipv4_netmask_length": null,
            "ipv6_association_id": "",
            "ipv6_cidr_block": "",
            "ipv6_cidr_block_network_border_group": "",
            "ipv6_ipam_pool_id": "",
            "ipv6_netmask_length": 0,
            "main_route_table_id": "rtb-0c89e976f3310bdd2",
            "owner_id": "981629166163",
            "region": "ap-southeast-1",
            "tags": {
              "Environment": "dev",
              "ManagedBy": "Terraform",
              "Name": "need-a-sidekick-dev-vpc",
              "Project": "need-a-sidekick"
            },
            "tags_all": {
              "Environment": "dev",
              "ManagedBy": "Terraform",
              "Name": "need-a-sidekick-dev-vpc",
              "Project": "need-a-sidekick"
            }
          },
          "sensitive_attributes": [],
          "identity_schema_version": 0,
          "identity": {
            "account_id": "981629166163",
            "id": "vpc-0acae000c394dc209",
            "region": "ap-southeast-1"
          },
          "private": "eyJzY2hlbWFfdmVyc2lvbiI6IjEifQ==",
          "create_before_destroy": true
        }
      ]
    }
  ],
  "check_results": null
}
